
Microsoft Visual Studio Solution File, Format Version 12.00
# Visual Studio 15
VisualStudioVersion = 15.0.28307.779
MinimumVisualStudioVersion = 10.0.40219.1
Project("{FAE04EC0-301F-11D3-BF4B-00C04F79EFBC}") = "GameRigService", "GameRigService\GameRigService.csproj", "{0D0F28A1-90A5-4146-A6A1-BE4264C9E5E7}"
EndProject
Global
	GlobalSection(SolutionConfigurationPlatforms) = preSolution
		Debug|Any CPU = Debug|Any CPU
		Release|Any CPU = Release|Any CPU
	EndGlobalSection
	GlobalSection(ProjectConfigurationPlatforms) = postSolution
		{0D0F28A1-90A5-4146-A6A1-BE4264C9E5E7}.Debug|Any CPU.ActiveCfg = Debug|Any CPU
		{0D0F28A1-90A5-4146-A6A1-BE4264C9E5E7}.Debug|Any CPU.Build.0 = Debug|Any CPU
		{0D0F28A1-90A5-4146-A6A1-BE4264C9E5E7}.Release|Any CPU.ActiveCfg = Release|Any CPU
		{0D0F28A1-90A5-4146-A6A1-BE4264C9E5E7}.Release|Any CPU.Build.0 = Release|Any CPU
	EndGlobalSection
	GlobalSection(SolutionProperties) = preSolution
		HideSolutionNode = FALSE
	EndGlobalSection
	GlobalSection(ExtensibilityGlobals) = postSolution
		SolutionGuid = {F69A5DB1-76CE-4804-995D-52F2CFD4E61E}
	EndGlobalSection
EndGlobal
